
Microsoft Visual Studio Solution File, Format Version 12.00
# Visual Studio Version 17
VisualStudioVersion = 17.13.35919.96
MinimumVisualStudioVersion = 10.0.40219.1
Project("{FAE04EC0-301F-11D3-BF4B-00C04F79EFBC}") = "DevelopmentChallenge.Data", "DevelopmentChallenge.Data\DevelopmentChallenge.Data.csproj", "{2E5043D0-F691-0A46-EC77-CFDE1DB963A8}"
EndProject
Project("{FAE04EC0-301F-11D3-BF4B-00C04F79EFBC}") = "DevelopmentChallenge.Data.Tests", "DevelopmentChallenge.Data.Tests\DevelopmentChallenge.Data.Tests.csproj", "{876DF446-28E0-AC83-61AA-C9E099009847}"
EndProject
Global
	GlobalSection(SolutionConfigurationPlatforms) = preSolution
		Debug|Any CPU = Debug|Any CPU
		Release|Any CPU = Release|Any CPU
	EndGlobalSection
	GlobalSection(ProjectConfigurationPlatforms) = postSolution
		{2E5043D0-F691-0A46-EC77-CFDE1DB963A8}.Debug|Any CPU.ActiveCfg = Debug|Any CPU
		{2E5043D0-F691-0A46-EC77-CFDE1DB963A8}.Debug|Any CPU.Build.0 = Debug|Any CPU
		{2E5043D0-F691-0A46-EC77-CFDE1DB963A8}.Release|Any CPU.ActiveCfg = Release|Any CPU
		{2E5043D0-F691-0A46-EC77-CFDE1DB963A8}.Release|Any CPU.Build.0 = Release|Any CPU
		{876DF446-28E0-AC83-61AA-C9E099009847}.Debug|Any CPU.ActiveCfg = Debug|Any CPU
		{876DF446-28E0-AC83-61AA-C9E099009847}.Debug|Any CPU.Build.0 = Debug|Any CPU
		{876DF446-28E0-AC83-61AA-C9E099009847}.Release|Any CPU.ActiveCfg = Release|Any CPU
		{876DF446-28E0-AC83-61AA-C9E099009847}.Release|Any CPU.Build.0 = Release|Any CPU
	EndGlobalSection
	GlobalSection(SolutionProperties) = preSolution
		HideSolutionNode = FALSE
	EndGlobalSection
	GlobalSection(ExtensibilityGlobals) = postSolution
		SolutionGuid = {C4B2778F-C4BE-4FC3-BD11-A215BFA6133F}
	EndGlobalSection
EndGlobal
